// !$*UTF8*$!
{
	archiveVersion = 1;
	classes = {
	};
	objectVersion = 46;
	objects = {

/* Begin PBXBuildFile section */
		760B43C71DBAEF61003D8CE0 /* TimeProgressView.swift in Sources */ = {isa = PBXBuildFile; fileRef = 760B43C61DBAEF61003D8CE0 /* TimeProgressView.swift */; };
		76A331451D8263230079A6CE /* AppDelegate.swift in Sources */ = {isa = PBXBuildFile; fileRef = 76A331441D8263230079A6CE /* AppDelegate.swift */; };
		76A331471D8263230079A6CE /* FirstViewController.swift in Sources */ = {isa = PBXBuildFile; fileRef = 76A331461D8263230079A6CE /* FirstViewController.swift */; };
		76A331491D8263230079A6CE /* SecondViewController.swift in Sources */ = {isa = PBXBuildFile; fileRef = 76A331481D8263230079A6CE /* SecondViewController.swift */; };
		76A3314C1D8263230079A6CE /* Main.storyboard in Resources */ = {isa = PBXBuildFile; fileRef = 76A3314A1D8263230079A6CE /* Main.storyboard */; };
		76A3314E1D8263230079A6CE /* Assets.xcassets in Resources */ = {isa = PBXBuildFile; fileRef = 76A3314D1D8263230079A6CE /* Assets.xcassets */; };
		76A331511D8263230079A6CE /* LaunchScreen.storyboard in Resources */ = {isa = PBXBuildFile; fileRef = 76A3314F1D8263230079A6CE /* LaunchScreen.storyboard */; };
		76A3315C1D8263230079A6CE /* WellesleyFreshTests.swift in Sources */ = {isa = PBXBuildFile; fileRef = 76A3315B1D8263230079A6CE /* WellesleyFreshTests.swift */; };
		76A331671D8263230079A6CE /* WellesleyFreshUITests.swift in Sources */ = {isa = PBXBuildFile; fileRef = 76A331661D8263230079A6CE /* WellesleyFreshUITests.swift */; };
		76A331751D8267820079A6CE /* MapKit.framework in Frameworks */ = {isa = PBXBuildFile; fileRef = 76A331741D8267820079A6CE /* MapKit.framework */; };
		76A331B31D845CCA0079A6CE /* default.gpx in Resources */ = {isa = PBXBuildFile; fileRef = 76A331B21D845CCA0079A6CE /* default.gpx */; };
		76B2B9A61DBBBAA50084A43B /* README.md in Sources */ = {isa = PBXBuildFile; fileRef = 76B2B9A51DBBBAA50084A43B /* README.md */; };
		76B2B9A81DBBC0130084A43B /* ProgressCell.swift in Sources */ = {isa = PBXBuildFile; fileRef = 76B2B9A71DBBC0130084A43B /* ProgressCell.swift */; };
		76D71AC51DBBA24A005B7211 /* HourRange.swift in Sources */ = {isa = PBXBuildFile; fileRef = 76D71AC41DBBA24A005B7211 /* HourRange.swift */; };
		76D71AC71DBBA523005B7211 /* DiningHall.swift in Sources */ = {isa = PBXBuildFile; fileRef = 76D71AC61DBBA523005B7211 /* DiningHall.swift */; };
		76D71AC91DBBA562005B7211 /* DayOptions.swift in Sources */ = {isa = PBXBuildFile; fileRef = 76D71AC81DBBA562005B7211 /* DayOptions.swift */; };
		76D71ACB1DBBAFC8005B7211 /* HoursViewController.swift in Sources */ = {isa = PBXBuildFile; fileRef = 76D71ACA1DBBAFC8005B7211 /* HoursViewController.swift */; };
		76E302EB1DAD65F100E958BB /* WellesleyFreshRegex.swift in Sources */ = {isa = PBXBuildFile; fileRef = 76E302EA1DAD65F100E958BB /* WellesleyFreshRegex.swift */; };
		76E302ED1DAD65F700E958BB /* MyCell.swift in Sources */ = {isa = PBXBuildFile; fileRef = 76E302EC1DAD65F700E958BB /* MyCell.swift */; };
		76E302EF1DAD65FE00E958BB /* Header.swift in Sources */ = {isa = PBXBuildFile; fileRef = 76E302EE1DAD65FE00E958BB /* Header.swift */; };
		76E302F11DB3031800E958BB /* ThirdViewController.swift in Sources */ = {isa = PBXBuildFile; fileRef = 76E302F01DB3031800E958BB /* ThirdViewController.swift */; };
		76E302F31DB4332000E958BB /* DiningHours.swift in Sources */ = {isa = PBXBuildFile; fileRef = 76E302F21DB4332000E958BB /* DiningHours.swift */; };
/* End PBXBuildFile section */

/* Begin PBXContainerItemProxy section */
		76A331581D8263230079A6CE /* PBXContainerItemProxy */ = {
			isa = PBXContainerItemProxy;
			containerPortal = 76A331391D8263230079A6CE /* Project object */;
			proxyType = 1;
			remoteGlobalIDString = 76A331401D8263230079A6CE;
			remoteInfo = WellesleyFresh;
		};
		76A331631D8263230079A6CE /* PBXContainerItemProxy */ = {
			isa = PBXContainerItemProxy;
			containerPortal = 76A331391D8263230079A6CE /* Project object */;
			proxyType = 1;
			remoteGlobalIDString = 76A331401D8263230079A6CE;
			remoteInfo = WellesleyFresh;
		};
/* End PBXContainerItemProxy section */

/* Begin PBXFileReference section */
		760B43C61DBAEF61003D8CE0 /* TimeProgressView.swift */ = {isa = PBXFileReference; fileEncoding = 4; lastKnownFileType = sourcecode.swift; path = TimeProgressView.swift; sourceTree = "<group>"; };
		76A331411D8263230079A6CE /* WellesleyFresh.app */ = {isa = PBXFileReference; explicitFileType = wrapper.application; includeInIndex = 0; path = WellesleyFresh.app; sourceTree = BUILT_PRODUCTS_DIR; };
		76A331441D8263230079A6CE /* AppDelegate.swift */ = {isa = PBXFileReference; lastKnownFileType = sourcecode.swift; path = AppDelegate.swift; sourceTree = "<group>"; };
		76A331461D8263230079A6CE /* FirstViewController.swift */ = {isa = PBXFileReference; lastKnownFileType = sourcecode.swift; path = FirstViewController.swift; sourceTree = "<group>"; };
		76A331481D8263230079A6CE /* SecondViewController.swift */ = {isa = PBXFileReference; lastKnownFileType = sourcecode.swift; path = SecondViewController.swift; sourceTree = "<group>"; };
		76A3314B1D8263230079A6CE /* Base */ = {isa = PBXFileReference; lastKnownFileType = file.storyboard; name = Base; path = Base.lproj/Main.storyboard; sourceTree = "<group>"; };
		76A3314D1D8263230079A6CE /* Assets.xcassets */ = {isa = PBXFileReference; lastKnownFileType = folder.assetcatalog; path = Assets.xcassets; sourceTree = "<group>"; };
		76A331501D8263230079A6CE /* Base */ = {isa = PBXFileReference; lastKnownFileType = file.storyboard; name = Base; path = Base.lproj/LaunchScreen.storyboard; sourceTree = "<group>"; };
		76A331521D8263230079A6CE /* Info.plist */ = {isa = PBXFileReference; lastKnownFileType = text.plist.xml; path = Info.plist; sourceTree = "<group>"; };
		76A331571D8263230079A6CE /* WellesleyFreshTests.xctest */ = {isa = PBXFileReference; explicitFileType = wrapper.cfbundle; includeInIndex = 0; path = WellesleyFreshTests.xctest; sourceTree = BUILT_PRODUCTS_DIR; };
		76A3315B1D8263230079A6CE /* WellesleyFreshTests.swift */ = {isa = PBXFileReference; lastKnownFileType = sourcecode.swift; path = WellesleyFreshTests.swift; sourceTree = "<group>"; };
		76A3315D1D8263230079A6CE /* Info.plist */ = {isa = PBXFileReference; lastKnownFileType = text.plist.xml; path = Info.plist; sourceTree = "<group>"; };
		76A331621D8263230079A6CE /* WellesleyFreshUITests.xctest */ = {isa = PBXFileReference; explicitFileType = wrapper.cfbundle; includeInIndex = 0; path = WellesleyFreshUITests.xctest; sourceTree = BUILT_PRODUCTS_DIR; };
		76A331661D8263230079A6CE /* WellesleyFreshUITests.swift */ = {isa = PBXFileReference; lastKnownFileType = sourcecode.swift; path = WellesleyFreshUITests.swift; sourceTree = "<group>"; };
		76A331681D8263230079A6CE /* Info.plist */ = {isa = PBXFileReference; lastKnownFileType = text.plist.xml; path = Info.plist; sourceTree = "<group>"; };
		76A331741D8267820079A6CE /* MapKit.framework */ = {isa = PBXFileReference; lastKnownFileType = wrapper.framework; name = MapKit.framework; path = System/Library/Frameworks/MapKit.framework; sourceTree = SDKROOT; };
		76A331B21D845CCA0079A6CE /* default.gpx */ = {isa = PBXFileReference; fileEncoding = 4; lastKnownFileType = text.xml; path = default.gpx; sourceTree = "<group>"; };
		76B2B9A51DBBBAA50084A43B /* README.md */ = {isa = PBXFileReference; fileEncoding = 4; lastKnownFileType = net.daringfireball.markdown; path = README.md; sourceTree = "<group>"; };
		76B2B9A71DBBC0130084A43B /* ProgressCell.swift */ = {isa = PBXFileReference; fileEncoding = 4; lastKnownFileType = sourcecode.swift; path = ProgressCell.swift; sourceTree = "<group>"; };
		76D71AC41DBBA24A005B7211 /* HourRange.swift */ = {isa = PBXFileReference; fileEncoding = 4; lastKnownFileType = sourcecode.swift; path = HourRange.swift; sourceTree = "<group>"; };
		76D71AC61DBBA523005B7211 /* DiningHall.swift */ = {isa = PBXFileReference; fileEncoding = 4; lastKnownFileType = sourcecode.swift; path = DiningHall.swift; sourceTree = "<group>"; };
		76D71AC81DBBA562005B7211 /* DayOptions.swift */ = {isa = PBXFileReference; fileEncoding = 4; lastKnownFileType = sourcecode.swift; path = DayOptions.swift; sourceTree = "<group>"; };
		76D71ACA1DBBAFC8005B7211 /* HoursViewController.swift */ = {isa = PBXFileReference; fileEncoding = 4; lastKnownFileType = sourcecode.swift; path = HoursViewController.swift; sourceTree = "<group>"; };
		76E302EA1DAD65F100E958BB /* WellesleyFreshRegex.swift */ = {isa = PBXFileReference; fileEncoding = 4; lastKnownFileType = sourcecode.swift; path = WellesleyFreshRegex.swift; sourceTree = "<group>"; };
		76E302EC1DAD65F700E958BB /* MyCell.swift */ = {isa = PBXFileReference; fileEncoding = 4; lastKnownFileType = sourcecode.swift; path = MyCell.swift; sourceTree = "<group>"; };
		76E302EE1DAD65FE00E958BB /* Header.swift */ = {isa = PBXFileReference; fileEncoding = 4; lastKnownFileType = sourcecode.swift; path = Header.swift; sourceTree = "<group>"; };
		76E302F01DB3031800E958BB /* ThirdViewController.swift */ = {isa = PBXFileReference; fileEncoding = 4; lastKnownFileType = sourcecode.swift; path = ThirdViewController.swift; sourceTree = "<group>"; };
		76E302F21DB4332000E958BB /* DiningHours.swift */ = {isa = PBXFileReference; fileEncoding = 4; lastKnownFileType = sourcecode.swift; path = DiningHours.swift; sourceTree = "<group>"; };
/* End PBXFileReference section */

/* Begin PBXFrameworksBuildPhase section */
		76A3313E1D8263230079A6CE /* Frameworks */ = {
			isa = PBXFrameworksBuildPhase;
			buildActionMask = 2147483647;
			files = (
				76A331751D8267820079A6CE /* MapKit.framework in Frameworks */,
			);
			runOnlyForDeploymentPostprocessing = 0;
		};
		76A331541D8263230079A6CE /* Frameworks */ = {
			isa = PBXFrameworksBuildPhase;
			buildActionMask = 2147483647;
			files = (
			);
			runOnlyForDeploymentPostprocessing = 0;
		};
		76A3315F1D8263230079A6CE /* Frameworks */ = {
			isa = PBXFrameworksBuildPhase;
			buildActionMask = 2147483647;
			files = (
			);
			runOnlyForDeploymentPostprocessing = 0;
		};
/* End PBXFrameworksBuildPhase section */

/* Begin PBXGroup section */
		76A331381D8263230079A6CE = {
			isa = PBXGroup;
			children = (
				76B2B9A51DBBBAA50084A43B /* README.md */,
				76A331B21D845CCA0079A6CE /* default.gpx */,
				76A331741D8267820079A6CE /* MapKit.framework */,
				76A331431D8263230079A6CE /* WellesleyFresh */,
				76A3315A1D8263230079A6CE /* WellesleyFreshTests */,
				76A331651D8263230079A6CE /* WellesleyFreshUITests */,
				76A331421D8263230079A6CE /* Products */,
			);
			sourceTree = "<group>";
		};
		76A331421D8263230079A6CE /* Products */ = {
			isa = PBXGroup;
			children = (
				76A331411D8263230079A6CE /* WellesleyFresh.app */,
				76A331571D8263230079A6CE /* WellesleyFreshTests.xctest */,
				76A331621D8263230079A6CE /* WellesleyFreshUITests.xctest */,
			);
			name = Products;
			sourceTree = "<group>";
		};
		76A331431D8263230079A6CE /* WellesleyFresh */ = {
			isa = PBXGroup;
			children = (
				76A331441D8263230079A6CE /* AppDelegate.swift */,
				76E302EE1DAD65FE00E958BB /* Header.swift */,
				76D71ACA1DBBAFC8005B7211 /* HoursViewController.swift */,
				76A331461D8263230079A6CE /* FirstViewController.swift */,
				76A331481D8263230079A6CE /* SecondViewController.swift */,
				76E302F01DB3031800E958BB /* ThirdViewController.swift */,
				76E302EC1DAD65F700E958BB /* MyCell.swift */,
				76B2B9A71DBBC0130084A43B /* ProgressCell.swift */,
				76E302EA1DAD65F100E958BB /* WellesleyFreshRegex.swift */,
				760B43C61DBAEF61003D8CE0 /* TimeProgressView.swift */,
				76E302F21DB4332000E958BB /* DiningHours.swift */,
				76D71AC41DBBA24A005B7211 /* HourRange.swift */,
				76D71AC61DBBA523005B7211 /* DiningHall.swift */,
				76D71AC81DBBA562005B7211 /* DayOptions.swift */,
				76A3314A1D8263230079A6CE /* Main.storyboard */,
				76A3314D1D8263230079A6CE /* Assets.xcassets */,
				76A3314F1D8263230079A6CE /* LaunchScreen.storyboard */,
				76A331521D8263230079A6CE /* Info.plist */,
			);
			path = WellesleyFresh;
			sourceTree = "<group>";
		};
		76A3315A1D8263230079A6CE /* WellesleyFreshTests */ = {
			isa = PBXGroup;
			children = (
				76A3315B1D8263230079A6CE /* WellesleyFreshTests.swift */,
				76A3315D1D8263230079A6CE /* Info.plist */,
			);
			path = WellesleyFreshTests;
			sourceTree = "<group>";
		};
		76A331651D8263230079A6CE /* WellesleyFreshUITests */ = {
			isa = PBXGroup;
			children = (
				76A331661D8263230079A6CE /* WellesleyFreshUITests.swift */,
				76A331681D8263230079A6CE /* Info.plist */,
			);
			path = WellesleyFreshUITests;
			sourceTree = "<group>";
		};
/* End PBXGroup section */

/* Begin PBXNativeTarget section */
		76A331401D8263230079A6CE /* WellesleyFresh */ = {
			isa = PBXNativeTarget;
			buildConfigurationList = 76A3316B1D8263230079A6CE /* Build configuration list for PBXNativeTarget "WellesleyFresh" */;
			buildPhases = (
				76A3313D1D8263230079A6CE /* Sources */,
				76A3313E1D8263230079A6CE /* Frameworks */,
				76A3313F1D8263230079A6CE /* Resources */,
			);
			buildRules = (
			);
			dependencies = (
			);
			name = WellesleyFresh;
			productName = WellesleyFresh;
			productReference = 76A331411D8263230079A6CE /* WellesleyFresh.app */;
			productType = "com.apple.product-type.application";
		};
		76A331561D8263230079A6CE /* WellesleyFreshTests */ = {
			isa = PBXNativeTarget;
			buildConfigurationList = 76A3316E1D8263230079A6CE /* Build configuration list for PBXNativeTarget "WellesleyFreshTests" */;
			buildPhases = (
				76A331531D8263230079A6CE /* Sources */,
				76A331541D8263230079A6CE /* Frameworks */,
				76A331551D8263230079A6CE /* Resources */,
			);
			buildRules = (
			);
			dependencies = (
				76A331591D8263230079A6CE /* PBXTargetDependency */,
			);
			name = WellesleyFreshTests;
			productName = WellesleyFreshTests;
			productReference = 76A331571D8263230079A6CE /* WellesleyFreshTests.xctest */;
			productType = "com.apple.product-type.bundle.unit-test";
		};
		76A331611D8263230079A6CE /* WellesleyFreshUITests */ = {
			isa = PBXNativeTarget;
			buildConfigurationList = 76A331711D8263230079A6CE /* Build configuration list for PBXNativeTarget "WellesleyFreshUITests" */;
			buildPhases = (
				76A3315E1D8263230079A6CE /* Sources */,
				76A3315F1D8263230079A6CE /* Frameworks */,
				76A331601D8263230079A6CE /* Resources */,
			);
			buildRules = (
			);
			dependencies = (
				76A331641D8263230079A6CE /* PBXTargetDependency */,
			);
			name = WellesleyFreshUITests;
			productName = WellesleyFreshUITests;
			productReference = 76A331621D8263230079A6CE /* WellesleyFreshUITests.xctest */;
			productType = "com.apple.product-type.bundle.ui-testing";
		};
/* End PBXNativeTarget section */

/* Begin PBXProject section */
		76A331391D8263230079A6CE /* Project object */ = {
			isa = PBXProject;
			attributes = {
				LastSwiftUpdateCheck = 0720;
				LastUpgradeCheck = 0720;
				ORGANIZATIONNAME = "Audrey Seo";
				TargetAttributes = {
					76A331401D8263230079A6CE = {
						CreatedOnToolsVersion = 7.2.1;
						DevelopmentTeam = D56G98T36D;
						LastSwiftMigration = 0820;
					};
					76A331561D8263230079A6CE = {
						CreatedOnToolsVersion = 7.2.1;
						LastSwiftMigration = 0820;
						TestTargetID = 76A331401D8263230079A6CE;
					};
					76A331611D8263230079A6CE = {
						CreatedOnToolsVersion = 7.2.1;
						LastSwiftMigration = 0820;
						TestTargetID = 76A331401D8263230079A6CE;
					};
				};
			};
			buildConfigurationList = 76A3313C1D8263230079A6CE /* Build configuration list for PBXProject "WellesleyFresh" */;
			compatibilityVersion = "Xcode 3.2";
			developmentRegion = English;
			hasScannedForEncodings = 0;
			knownRegions = (
				en,
				Base,
			);
			mainGroup = 76A331381D8263230079A6CE;
			productRefGroup = 76A331421D8263230079A6CE /* Products */;
			projectDirPath = "";
			projectRoot = "";
			targets = (
				76A331401D8263230079A6CE /* WellesleyFresh */,
				76A331561D8263230079A6CE /* WellesleyFreshTests */,
				76A331611D8263230079A6CE /* WellesleyFreshUITests */,
			);
		};
/* End PBXProject section */

/* Begin PBXResourcesBuildPhase section */
		76A3313F1D8263230079A6CE /* Resources */ = {
			isa = PBXResourcesBuildPhase;
			buildActionMask = 2147483647;
			files = (
				76A331511D8263230079A6CE /* LaunchScreen.storyboard in Resources */,
				76A331B31D845CCA0079A6CE /* default.gpx in Resources */,
				76A3314E1D8263230079A6CE /* Assets.xcassets in Resources */,
				76A3314C1D8263230079A6CE /* Main.storyboard in Resources */,
			);
			runOnlyForDeploymentPostprocessing = 0;
		};
		76A331551D8263230079A6CE /* Resources */ = {
			isa = PBXResourcesBuildPhase;
			buildActionMask = 2147483647;
			files = (
			);
			runOnlyForDeploymentPostprocessing = 0;
		};
		76A331601D8263230079A6CE /* Resources */ = {
			isa = PBXResourcesBuildPhase;
			buildActionMask = 2147483647;
			files = (
			);
			runOnlyForDeploymentPostprocessing = 0;
		};
/* End PBXResourcesBuildPhase section */

/* Begin PBXSourcesBuildPhase section */
		76A3313D1D8263230079A6CE /* Sources */ = {
			isa = PBXSourcesBuildPhase;
			buildActionMask = 2147483647;
			files = (
				76A331491D8263230079A6CE /* SecondViewController.swift in Sources */,
				76B2B9A81DBBC0130084A43B /* ProgressCell.swift in Sources */,
				76D71ACB1DBBAFC8005B7211 /* HoursViewController.swift in Sources */,
				76D71AC91DBBA562005B7211 /* DayOptions.swift in Sources */,
				76E302ED1DAD65F700E958BB /* MyCell.swift in Sources */,
				76E302EB1DAD65F100E958BB /* WellesleyFreshRegex.swift in Sources */,
				760B43C71DBAEF61003D8CE0 /* TimeProgressView.swift in Sources */,
				76E302F11DB3031800E958BB /* ThirdViewController.swift in Sources */,
				76A331451D8263230079A6CE /* AppDelegate.swift in Sources */,
				76E302EF1DAD65FE00E958BB /* Header.swift in Sources */,
				76E302F31DB4332000E958BB /* DiningHours.swift in Sources */,
				76B2B9A61DBBBAA50084A43B /* README.md in Sources */,
				76A331471D8263230079A6CE /* FirstViewController.swift in Sources */,
				76D71AC71DBBA523005B7211 /* DiningHall.swift in Sources */,
				76D71AC51DBBA24A005B7211 /* HourRange.swift in Sources */,
			);
			runOnlyForDeploymentPostprocessing = 0;
		};
		76A331531D8263230079A6CE /* Sources */ = {
			isa = PBXSourcesBuildPhase;
			buildActionMask = 2147483647;
			files = (
				76A3315C1D8263230079A6CE /* WellesleyFreshTests.swift in Sources */,
			);
			runOnlyForDeploymentPostprocessing = 0;
		};
		76A3315E1D8263230079A6CE /* Sources */ = {
			isa = PBXSourcesBuildPhase;
			buildActionMask = 2147483647;
			files = (
				76A331671D8263230079A6CE /* WellesleyFreshUITests.swift in Sources */,
			);
			runOnlyForDeploymentPostprocessing = 0;
		};
/* End PBXSourcesBuildPhase section */

/* Begin PBXTargetDependency section */
		76A331591D8263230079A6CE /* PBXTargetDependency */ = {
			isa = PBXTargetDependency;
			target = 76A331401D8263230079A6CE /* WellesleyFresh */;
			targetProxy = 76A331581D8263230079A6CE /* PBXContainerItemProxy */;
		};
		76A331641D8263230079A6CE /* PBXTargetDependency */ = {
			isa = PBXTargetDependency;
			target = 76A331401D8263230079A6CE /* WellesleyFresh */;
			targetProxy = 76A331631D8263230079A6CE /* PBXContainerItemProxy */;
		};
/* End PBXTargetDependency section */

/* Begin PBXVariantGroup section */
		76A3314A1D8263230079A6CE /* Main.storyboard */ = {
			isa = PBXVariantGroup;
			children = (
				76A3314B1D8263230079A6CE /* Base */,
			);
			name = Main.storyboard;
			sourceTree = "<group>";
		};
		76A3314F1D8263230079A6CE /* LaunchScreen.storyboard */ = {
			isa = PBXVariantGroup;
			children = (
				76A331501D8263230079A6CE /* Base */,
			);
			name = LaunchScreen.storyboard;
			sourceTree = "<group>";
		};
/* End PBXVariantGroup section */

/* Begin XCBuildConfiguration section */
		76A331691D8263230079A6CE /* Debug */ = {
			isa = XCBuildConfiguration;
			buildSettings = {
				ALWAYS_SEARCH_USER_PATHS = NO;
				CLANG_CXX_LANGUAGE_STANDARD = "gnu++0x";
				CLANG_CXX_LIBRARY = "libc++";
				CLANG_ENABLE_MODULES = YES;
				CLANG_ENABLE_OBJC_ARC = YES;
				CLANG_WARN_BOOL_CONVERSION = YES;
				CLANG_WARN_CONSTANT_CONVERSION = YES;
				CLANG_WARN_DIRECT_OBJC_ISA_USAGE = YES_ERROR;
				CLANG_WARN_EMPTY_BODY = YES;
				CLANG_WARN_ENUM_CONVERSION = YES;
				CLANG_WARN_INT_CONVERSION = YES;
				CLANG_WARN_OBJC_ROOT_CLASS = YES_ERROR;
				CLANG_WARN_UNREACHABLE_CODE = YES;
				CLANG_WARN__DUPLICATE_METHOD_MATCH = YES;
				"CODE_SIGN_IDENTITY[sdk=iphoneos*]" = "iPhone Developer";
				COPY_PHASE_STRIP = NO;
				DEBUG_INFORMATION_FORMAT = dwarf;
				ENABLE_STRICT_OBJC_MSGSEND = YES;
				ENABLE_TESTABILITY = YES;
				GCC_C_LANGUAGE_STANDARD = gnu99;
				GCC_DYNAMIC_NO_PIC = NO;
				GCC_NO_COMMON_BLOCKS = YES;
				GCC_OPTIMIZATION_LEVEL = 0;
				GCC_PREPROCESSOR_DEFINITIONS = (
					"DEBUG=1",
					"$(inherited)",
				);
				GCC_WARN_64_TO_32_BIT_CONVERSION = YES;
				GCC_WARN_ABOUT_RETURN_TYPE = YES_ERROR;
				GCC_WARN_UNDECLARED_SELECTOR = YES;
				GCC_WARN_UNINITIALIZED_AUTOS = YES_AGGRESSIVE;
				GCC_WARN_UNUSED_FUNCTION = YES;
				GCC_WARN_UNUSED_VARIABLE = YES;
				IPHONEOS_DEPLOYMENT_TARGET = 9.2;
				MTL_ENABLE_DEBUG_INFO = YES;
				ONLY_ACTIVE_ARCH = YES;
				SDKROOT = iphoneos;
				SWIFT_OPTIMIZATION_LEVEL = "-Onone";
			};
			name = Debug;
		};
		76A3316A1D8263230079A6CE /* Release */ = {
			isa = XCBuildConfiguration;
			buildSettings = {
				ALWAYS_SEARCH_USER_PATHS = NO;
				CLANG_CXX_LANGUAGE_STANDARD = "gnu++0x";
				CLANG_CXX_LIBRARY = "libc++";
				CLANG_ENABLE_MODULES = YES;
				CLANG_ENABLE_OBJC_ARC = YES;
				CLANG_WARN_BOOL_CONVERSION = YES;
				CLANG_WARN_CONSTANT_CONVERSION = YES;
				CLANG_WARN_DIRECT_OBJC_ISA_USAGE = YES_ERROR;
				CLANG_WARN_EMPTY_BODY = YES;
				CLANG_WARN_ENUM_CONVERSION = YES;
				CLANG_WARN_INT_CONVERSION = YES;
				CLANG_WARN_OBJC_ROOT_CLASS = YES_ERROR;
				CLANG_WARN_UNREACHABLE_CODE = YES;
				CLANG_WARN__DUPLICATE_METHOD_MATCH = YES;
				"CODE_SIGN_IDENTITY[sdk=iphoneos*]" = "iPhone Developer";
				COPY_PHASE_STRIP = NO;
				DEBUG_INFORMATION_FORMAT = "dwarf-with-dsym";
				ENABLE_NS_ASSERTIONS = NO;
				ENABLE_STRICT_OBJC_MSGSEND = YES;
				GCC_C_LANGUAGE_STANDARD = gnu99;
				GCC_NO_COMMON_BLOCKS = YES;
				GCC_WARN_64_TO_32_BIT_CONVERSION = YES;
				GCC_WARN_ABOUT_RETURN_TYPE = YES_ERROR;
				GCC_WARN_UNDECLARED_SELECTOR = YES;
				GCC_WARN_UNINITIALIZED_AUTOS = YES_AGGRESSIVE;
				GCC_WARN_UNUSED_FUNCTION = YES;
				GCC_WARN_UNUSED_VARIABLE = YES;
				IPHONEOS_DEPLOYMENT_TARGET = 9.2;
				MTL_ENABLE_DEBUG_INFO = NO;
				SDKROOT = iphoneos;
				VALIDATE_PRODUCT = YES;
			};
			name = Release;
		};
		76A3316C1D8263230079A6CE /* Debug */ = {
			isa = XCBuildConfiguration;
			buildSettings = {
				ASSETCATALOG_COMPILER_APPICON_NAME = AppIcon;
				CODE_SIGN_IDENTITY = "iPhone Developer";
				"CODE_SIGN_IDENTITY[sdk=iphoneos*]" = "iPhone Developer";
				INFOPLIST_FILE = WellesleyFresh/Info.plist;
				IPHONEOS_DEPLOYMENT_TARGET = 8.3;
				LD_RUNPATH_SEARCH_PATHS = "$(inherited) @executable_path/Frameworks";
				PRODUCT_BUNDLE_IDENTIFIER = AudreySeo.WellesleyFresh;
				PRODUCT_NAME = "$(TARGET_NAME)";
				PROVISIONING_PROFILE = "";
				SWIFT_VERSION = 3.0;
			};
			name = Debug;
		};
		76A3316D1D8263230079A6CE /* Release */ = {
			isa = XCBuildConfiguration;
			buildSettings = {
				ASSETCATALOG_COMPILER_APPICON_NAME = AppIcon;
				CODE_SIGN_IDENTITY = "iPhone Developer";
				"CODE_SIGN_IDENTITY[sdk=iphoneos*]" = "iPhone Developer";
				INFOPLIST_FILE = WellesleyFresh/Info.plist;
				IPHONEOS_DEPLOYMENT_TARGET = 8.3;
				LD_RUNPATH_SEARCH_PATHS = "$(inherited) @executable_path/Frameworks";
				PRODUCT_BUNDLE_IDENTIFIER = AudreySeo.WellesleyFresh;
				PRODUCT_NAME = "$(TARGET_NAME)";
				PROVISIONING_PROFILE = "";
				SWIFT_VERSION = 3.0;
			};
			name = Release;
		};
		76A3316F1D8263230079A6CE /* Debug */ = {
			isa = XCBuildConfiguration;
			buildSettings = {
				BUNDLE_LOADER = "$(TEST_HOST)";
				INFOPLIST_FILE = WellesleyFreshTests/Info.plist;
				LD_RUNPATH_SEARCH_PATHS = "$(inherited) @executable_path/Frameworks @loader_path/Frameworks";
				PRODUCT_BUNDLE_IDENTIFIER = AudreySeo.WellesleyFreshTests;
				PRODUCT_NAME = "$(TARGET_NAME)";
				SWIFT_VERSION = 3.0;
				TEST_HOST = "$(BUILT_PRODUCTS_DIR)/WellesleyFresh.app/WellesleyFresh";
			};
			name = Debug;
		};
		76A331701D8263230079A6CE /* Release */ = {
			isa = XCBuildConfiguration;
			buildSettings = {
				BUNDLE_LOADER = "$(TEST_HOST)";
				INFOPLIST_FILE = WellesleyFreshTests/Info.plist;
				LD_RUNPATH_SEARCH_PATHS = "$(inherited) @executable_path/Frameworks @loader_path/Frameworks";
				PRODUCT_BUNDLE_IDENTIFIER = AudreySeo.WellesleyFreshTests;
				PRODUCT_NAME = "$(TARGET_NAME)";
				SWIFT_VERSION = 3.0;
				TEST_HOST = "$(BUILT_PRODUCTS_DIR)/WellesleyFresh.app/WellesleyFresh";
			};
			name = Release;
		};
		76A331721D8263230079A6CE /* Debug */ = {
			isa = XCBuildConfiguration;
			buildSettings = {
				INFOPLIST_FILE = WellesleyFreshUITests/Info.plist;
				LD_RUNPATH_SEARCH_PATHS = "$(inherited) @executable_path/Frameworks @loader_path/Frameworks";
				PRODUCT_BUNDLE_IDENTIFIER = AudreySeo.WellesleyFreshUITests;
				PRODUCT_NAME = "$(TARGET_NAME)";
				SWIFT_VERSION = 3.0;
				TEST_TARGET_NAME = WellesleyFresh;
				USES_XCTRUNNER = YES;
			};
			name = Debug;
		};
		76A331731D8263230079A6CE /* Release */ = {
			isa = XCBuildConfiguration;
			buildSettings = {
				INFOPLIST_FILE = WellesleyFreshUITests/Info.plist;
				LD_RUNPATH_SEARCH_PATHS = "$(inherited) @executable_path/Frameworks @loader_path/Frameworks";
				PRODUCT_BUNDLE_IDENTIFIER = AudreySeo.WellesleyFreshUITests;
				PRODUCT_NAME = "$(TARGET_NAME)";
				SWIFT_VERSION = 3.0;
				TEST_TARGET_NAME = WellesleyFresh;
				USES_XCTRUNNER = YES;
			};
			name = Release;
		};
/* End XCBuildConfiguration section */

/* Begin XCConfigurationList section */
		76A3313C1D8263230079A6CE /* Build configuration list for PBXProject "WellesleyFresh" */ = {
			isa = XCConfigurationList;
			buildConfigurations = (
				76A331691D8263230079A6CE /* Debug */,
				76A3316A1D8263230079A6CE /* Release */,
			);
			defaultConfigurationIsVisible = 0;
			defaultConfigurationName = Release;
		};
		76A3316B1D8263230079A6CE /* Build configuration list for PBXNativeTarget "WellesleyFresh" */ = {
			isa = XCConfigurationList;
			buildConfigurations = (
				76A3316C1D8263230079A6CE /* Debug */,
				76A3316D1D8263230079A6CE /* Release */,
			);
			defaultConfigurationIsVisible = 0;
			defaultConfigurationName = Release;
		};
		76A3316E1D8263230079A6CE /* Build configuration list for PBXNativeTarget "WellesleyFreshTests" */ = {
			isa = XCConfigurationList;
			buildConfigurations = (
				76A3316F1D8263230079A6CE /* Debug */,
				76A331701D8263230079A6CE /* Release */,
			);
			defaultConfigurationIsVisible = 0;
			defaultConfigurationName = Release;
		};
		76A331711D8263230079A6CE /* Build configuration list for PBXNativeTarget "WellesleyFreshUITests" */ = {
			isa = XCConfigurationList;
			buildConfigurations = (
				76A331721D8263230079A6CE /* Debug */,
				76A331731D8263230079A6CE /* Release */,
			);
			defaultConfigurationIsVisible = 0;
			defaultConfigurationName = Release;
		};
/* End XCConfigurationList section */
	};
	rootObject = 76A331391D8263230079A6CE /* Project object */;
}
